// !$*UTF8*$!
{
	archiveVersion = 1;
	classes = {
	};
	objectVersion = 50;
	objects = {

/* Begin PBXBuildFile section */
		7B1937FA2584DA4C00363810 /* RollDiceAppApp.swift in Sources */ = {isa = PBXBuildFile; fileRef = 7B1937F92584DA4C00363810 /* RollDiceAppApp.swift */; };
		7B1937FC2584DA4C00363810 /* ContentView.swift in Sources */ = {isa = PBXBuildFile; fileRef = 7B1937FB2584DA4C00363810 /* ContentView.swift */; };
		7B1937FE2584DA4D00363810 /* Assets.xcassets in Resources */ = {isa = PBXBuildFile; fileRef = 7B1937FD2584DA4D00363810 /* Assets.xcassets */; };
		7B1938012584DA4D00363810 /* Preview Assets.xcassets in Resources */ = {isa = PBXBuildFile; fileRef = 7B1938002584DA4D00363810 /* Preview Assets.xcassets */; };
		7B19380A2584DB0900363810 /* BoxView.swift in Sources */ = {isa = PBXBuildFile; fileRef = 7B1938092584DB0900363810 /* BoxView.swift */; };
		7B19380D25852A8A00363810 /* NumberOneView.swift in Sources */ = {isa = PBXBuildFile; fileRef = 7B19380C25852A8A00363810 /* NumberOneView.swift */; };
		7B19381025852A9800363810 /* NumberTwoView.swift in Sources */ = {isa = PBXBuildFile; fileRef = 7B19380F25852A9800363810 /* NumberTwoView.swift */; };
		7B19381325852AA300363810 /* NumberThreeView.swift in Sources */ = {isa = PBXBuildFile; fileRef = 7B19381225852AA300363810 /* NumberThreeView.swift */; };
		7B19381625852AB000363810 /* NumberFourView.swift in Sources */ = {isa = PBXBuildFile; fileRef = 7B19381525852AB000363810 /* NumberFourView.swift */; };
		7B19381925852AC100363810 /* NumberFiveView.swift in Sources */ = {isa = PBXBuildFile; fileRef = 7B19381825852AC100363810 /* NumberFiveView.swift */; };
		7B19381C25852AD500363810 /* NumberSixView.swift in Sources */ = {isa = PBXBuildFile; fileRef = 7B19381B25852AD500363810 /* NumberSixView.swift */; };
		7B19381F25852BDA00363810 /* RectangleViewModifier.swift in Sources */ = {isa = PBXBuildFile; fileRef = 7B19381E25852BDA00363810 /* RectangleViewModifier.swift */; };
/* End PBXBuildFile section */

/* Begin PBXFileReference section */
		7B1937F62584DA4C00363810 /* RollDiceApp.app */ = {isa = PBXFileReference; explicitFileType = wrapper.application; includeInIndex = 0; path = RollDiceApp.app; sourceTree = BUILT_PRODUCTS_DIR; };
		7B1937F92584DA4C00363810 /* RollDiceAppApp.swift */ = {isa = PBXFileReference; lastKnownFileType = sourcecode.swift; path = RollDiceAppApp.swift; sourceTree = "<group>"; };
		7B1937FB2584DA4C00363810 /* ContentView.swift */ = {isa = PBXFileReference; lastKnownFileType = sourcecode.swift; path = ContentView.swift; sourceTree = "<group>"; };
		7B1937FD2584DA4D00363810 /* Assets.xcassets */ = {isa = PBXFileReference; lastKnownFileType = folder.assetcatalog; path = Assets.xcassets; sourceTree = "<group>"; };
		7B1938002584DA4D00363810 /* Preview Assets.xcassets */ = {isa = PBXFileReference; lastKnownFileType = folder.assetcatalog; path = "Preview Assets.xcassets"; sourceTree = "<group>"; };
		7B1938022584DA4D00363810 /* Info.plist */ = {isa = PBXFileReference; lastKnownFileType = text.plist.xml; path = Info.plist; sourceTree = "<group>"; };
		7B1938092584DB0900363810 /* BoxView.swift */ = {isa = PBXFileReference; lastKnownFileType = sourcecode.swift; path = BoxView.swift; sourceTree = "<group>"; };
		7B19380C25852A8A00363810 /* NumberOneView.swift */ = {isa = PBXFileReference; lastKnownFileType = sourcecode.swift; path = NumberOneView.swift; sourceTree = "<group>"; };
		7B19380F25852A9800363810 /* NumberTwoView.swift */ = {isa = PBXFileReference; lastKnownFileType = sourcecode.swift; path = NumberTwoView.swift; sourceTree = "<group>"; };
		7B19381225852AA300363810 /* NumberThreeView.swift */ = {isa = PBXFileReference; lastKnownFileType = sourcecode.swift; path = NumberThreeView.swift; sourceTree = "<group>"; };
		7B19381525852AB000363810 /* NumberFourView.swift */ = {isa = PBXFileReference; lastKnownFileType = sourcecode.swift; path = NumberFourView.swift; sourceTree = "<group>"; };
		7B19381825852AC100363810 /* NumberFiveView.swift */ = {isa = PBXFileReference; lastKnownFileType = sourcecode.swift; path = NumberFiveView.swift; sourceTree = "<group>"; };
		7B19381B25852AD500363810 /* NumberSixView.swift */ = {isa = PBXFileReference; lastKnownFileType = sourcecode.swift; path = NumberSixView.swift; sourceTree = "<group>"; };
		7B19381E25852BDA00363810 /* RectangleViewModifier.swift */ = {isa = PBXFileReference; lastKnownFileType = sourcecode.swift; path = RectangleViewModifier.swift; sourceTree = "<group>"; };
/* End PBXFileReference section */

/* Begin PBXFrameworksBuildPhase section */
		7B1937F32584DA4C00363810 /* Frameworks */ = {
			isa = PBXFrameworksBuildPhase;
			buildActionMask = 2147483647;
			files = (
			);
			runOnlyForDeploymentPostprocessing = 0;
		};
/* End PBXFrameworksBuildPhase section */

/* Begin PBXGroup section */
		7B1937ED2584DA4C00363810 = {
			isa = PBXGroup;
			children = (
				7B1937F82584DA4C00363810 /* RollDiceApp */,
				7B1937F72584DA4C00363810 /* Products */,
			);
			sourceTree = "<group>";
		};
		7B1937F72584DA4C00363810 /* Products */ = {
			isa = PBXGroup;
			children = (
				7B1937F62584DA4C00363810 /* RollDiceApp.app */,
			);
			name = Products;
			sourceTree = "<group>";
		};
		7B1937F82584DA4C00363810 /* RollDiceApp */ = {
			isa = PBXGroup;
			children = (
				7B1937F92584DA4C00363810 /* RollDiceAppApp.swift */,
				7B1937FB2584DA4C00363810 /* ContentView.swift */,
				7B1937FD2584DA4D00363810 /* Assets.xcassets */,
				7B1938022584DA4D00363810 /* Info.plist */,
				7B1937FF2584DA4D00363810 /* Preview Content */,
				7B1938092584DB0900363810 /* BoxView.swift */,
				7B19380C25852A8A00363810 /* NumberOneView.swift */,
				7B19380F25852A9800363810 /* NumberTwoView.swift */,
				7B19381225852AA300363810 /* NumberThreeView.swift */,
				7B19381525852AB000363810 /* NumberFourView.swift */,
				7B19381825852AC100363810 /* NumberFiveView.swift */,
				7B19381B25852AD500363810 /* NumberSixView.swift */,
				7B19381E25852BDA00363810 /* RectangleViewModifier.swift */,
			);
			path = RollDiceApp;
			sourceTree = "<group>";
		};
		7B1937FF2584DA4D00363810 /* Preview Content */ = {
			isa = PBXGroup;
			children = (
				7B1938002584DA4D00363810 /* Preview Assets.xcassets */,
			);
			path = "Preview Content";
			sourceTree = "<group>";
		};
/* End PBXGroup section */

/* Begin PBXNativeTarget section */
		7B1937F52584DA4C00363810 /* RollDiceApp */ = {
			isa = PBXNativeTarget;
			buildConfigurationList = 7B1938052584DA4D00363810 /* Build configuration list for PBXNativeTarget "RollDiceApp" */;
			buildPhases = (
				7B1937F22584DA4C00363810 /* Sources */,
				7B1937F32584DA4C00363810 /* Frameworks */,
				7B1937F42584DA4C00363810 /* Resources */,
			);
			buildRules = (
			);
			dependencies = (
			);
			name = RollDiceApp;
			productName = RollDiceApp;
			productReference = 7B1937F62584DA4C00363810 /* RollDiceApp.app */;
			productType = "com.apple.product-type.application";
		};
/* End PBXNativeTarget section */

/* Begin PBXProject section */
		7B1937EE2584DA4C00363810 /* Project object */ = {
			isa = PBXProject;
			attributes = {
				LastSwiftUpdateCheck = 1220;
				LastUpgradeCheck = 1220;
				TargetAttributes = {
					7B1937F52584DA4C00363810 = {
						CreatedOnToolsVersion = 12.2;
					};
				};
			};
			buildConfigurationList = 7B1937F12584DA4C00363810 /* Build configuration list for PBXProject "RollDiceApp" */;
			compatibilityVersion = "Xcode 9.3";
			developmentRegion = en;
			hasScannedForEncodings = 0;
			knownRegions = (
				en,
				Base,
			);
			mainGroup = 7B1937ED2584DA4C00363810;
			productRefGroup = 7B1937F72584DA4C00363810 /* Products */;
			projectDirPath = "";
			projectRoot = "";
			targets = (
				7B1937F52584DA4C00363810 /* RollDiceApp */,
			);
		};
/* End PBXProject section */

/* Begin PBXResourcesBuildPhase section */
		7B1937F42584DA4C00363810 /* Resources */ = {
			isa = PBXResourcesBuildPhase;
			buildActionMask = 2147483647;
			files = (
				7B1938012584DA4D00363810 /* Preview Assets.xcassets in Resources */,
				7B1937FE2584DA4D00363810 /* Assets.xcassets in Resources */,
			);
			runOnlyForDeploymentPostprocessing = 0;
		};
/* End PBXResourcesBuildPhase section */

/* Begin PBXSourcesBuildPhase section */
		7B1937F22584DA4C00363810 /* Sources */ = {
			isa = PBXSourcesBuildPhase;
			buildActionMask = 2147483647;
			files = (
				7B19381C25852AD500363810 /* NumberSixView.swift in Sources */,
				7B19380D25852A8A00363810 /* NumberOneView.swift in Sources */,
				7B19381025852A9800363810 /* NumberTwoView.swift in Sources */,
				7B19381325852AA300363810 /* NumberThreeView.swift in Sources */,
				7B1937FC2584DA4C00363810 /* ContentView.swift in Sources */,
				7B19381625852AB000363810 /* NumberFourView.swift in Sources */,
				7B19381925852AC100363810 /* NumberFiveView.swift in Sources */,
				7B19381F25852BDA00363810 /* RectangleViewModifier.swift in Sources */,
				7B1937FA2584DA4C00363810 /* RollDiceAppApp.swift in Sources */,
				7B19380A2584DB0900363810 /* BoxView.swift in Sources */,
			);
			runOnlyForDeploymentPostprocessing = 0;
		};
/* End PBXSourcesBuildPhase section */

/* Begin XCBuildConfiguration section */
		7B1938032584DA4D00363810 /* Debug */ = {
			isa = XCBuildConfiguration;
			buildSettings = {
				ALWAYS_SEARCH_USER_PATHS = NO;
				CLANG_ANALYZER_NONNULL = YES;
				CLANG_ANALYZER_NUMBER_OBJECT_CONVERSION = YES_AGGRESSIVE;
				CLANG_CXX_LANGUAGE_STANDARD = "gnu++14";
				CLANG_CXX_LIBRARY = "libc++";
				CLANG_ENABLE_MODULES = YES;
				CLANG_ENABLE_OBJC_ARC = YES;
				CLANG_ENABLE_OBJC_WEAK = YES;
				CLANG_WARN_BLOCK_CAPTURE_AUTORELEASING = YES;
				CLANG_WARN_BOOL_CONVERSION = YES;
				CLANG_WARN_COMMA = YES;
				CLANG_WARN_CONSTANT_CONVERSION = YES;
				CLANG_WARN_DEPRECATED_OBJC_IMPLEMENTATIONS = YES;
				CLANG_WARN_DIRECT_OBJC_ISA_USAGE = YES_ERROR;
				CLANG_WARN_DOCUMENTATION_COMMENTS = YES;
				CLANG_WARN_EMPTY_BODY = YES;
				CLANG_WARN_ENUM_CONVERSION = YES;
				CLANG_WARN_INFINITE_RECURSION = YES;
				CLANG_WARN_INT_CONVERSION = YES;
				CLANG_WARN_NON_LITERAL_NULL_CONVERSION = YES;
				CLANG_WARN_OBJC_IMPLICIT_RETAIN_SELF = YES;
				CLANG_WARN_OBJC_LITERAL_CONVERSION = YES;
				CLANG_WARN_OBJC_ROOT_CLASS = YES_ERROR;
				CLANG_WARN_QUOTED_INCLUDE_IN_FRAMEWORK_HEADER = YES;
				CLANG_WARN_RANGE_LOOP_ANALYSIS = YES;
				CLANG_WARN_STRICT_PROTOTYPES = YES;
				CLANG_WARN_SUSPICIOUS_MOVE = YES;
				CLANG_WARN_UNGUARDED_AVAILABILITY = YES_AGGRESSIVE;
				CLANG_WARN_UNREACHABLE_CODE = YES;
				CLANG_WARN__DUPLICATE_METHOD_MATCH = YES;
				COPY_PHASE_STRIP = NO;
				DEBUG_INFORMATION_FORMAT = dwarf;
				ENABLE_STRICT_OBJC_MSGSEND = YES;
				ENABLE_TESTABILITY = YES;
				GCC_C_LANGUAGE_STANDARD = gnu11;
				GCC_DYNAMIC_NO_PIC = NO;
				GCC_NO_COMMON_BLOCKS = YES;
				GCC_OPTIMIZATION_LEVEL = 0;
				GCC_PREPROCESSOR_DEFINITIONS = (
					"DEBUG=1",
					"$(inherited)",
				);
				GCC_WARN_64_TO_32_BIT_CONVERSION = YES;
				GCC_WARN_ABOUT_RETURN_TYPE = YES_ERROR;
				GCC_WARN_UNDECLARED_SELECTOR = YES;
				GCC_WARN_UNINITIALIZED_AUTOS = YES_AGGRESSIVE;
				GCC_WARN_UNUSED_FUNCTION = YES;
				GCC_WARN_UNUSED_VARIABLE = YES;
				IPHONEOS_DEPLOYMENT_TARGET = 14.2;
				MTL_ENABLE_DEBUG_INFO = INCLUDE_SOURCE;
				MTL_FAST_MATH = YES;
				ONLY_ACTIVE_ARCH = YES;
				SDKROOT = iphoneos;
				SWIFT_ACTIVE_COMPILATION_CONDITIONS = DEBUG;
				SWIFT_OPTIMIZATION_LEVEL = "-Onone";
			};
			name = Debug;
		};
		7B1938042584DA4D00363810 /* Release */ = {
			isa = XCBuildConfiguration;
			buildSettings = {
				ALWAYS_SEARCH_USER_PATHS = NO;
				CLANG_ANALYZER_NONNULL = YES;
				CLANG_ANALYZER_NUMBER_OBJECT_CONVERSION = YES_AGGRESSIVE;
				CLANG_CXX_LANGUAGE_STANDARD = "gnu++14";
				CLANG_CXX_LIBRARY = "libc++";
				CLANG_ENABLE_MODULES = YES;
				CLANG_ENABLE_OBJC_ARC = YES;
				CLANG_ENABLE_OBJC_WEAK = YES;
				CLANG_WARN_BLOCK_CAPTURE_AUTORELEASING = YES;
				CLANG_WARN_BOOL_CONVERSION = YES;
				CLANG_WARN_COMMA = YES;
				CLANG_WARN_CONSTANT_CONVERSION = YES;
				CLANG_WARN_DEPRECATED_OBJC_IMPLEMENTATIONS = YES;
				CLANG_WARN_DIRECT_OBJC_ISA_USAGE = YES_ERROR;
				CLANG_WARN_DOCUMENTATION_COMMENTS = YES;
				CLANG_WARN_EMPTY_BODY = YES;
				CLANG_WARN_ENUM_CONVERSION = YES;
				CLANG_WARN_INFINITE_RECURSION = YES;
				CLANG_WARN_INT_CONVERSION = YES;
				CLANG_WARN_NON_LITERAL_NULL_CONVERSION = YES;
				CLANG_WARN_OBJC_IMPLICIT_RETAIN_SELF = YES;
				CLANG_WARN_OBJC_LITERAL_CONVERSION = YES;
				CLANG_WARN_OBJC_ROOT_CLASS = YES_ERROR;
				CLANG_WARN_QUOTED_INCLUDE_IN_FRAMEWORK_HEADER = YES;
				CLANG_WARN_RANGE_LOOP_ANALYSIS = YES;
				CLANG_WARN_STRICT_PROTOTYPES = YES;
				CLANG_WARN_SUSPICIOUS_MOVE = YES;
				CLANG_WARN_UNGUARDED_AVAILABILITY = YES_AGGRESSIVE;
				CLANG_WARN_UNREACHABLE_CODE = YES;
				CLANG_WARN__DUPLICATE_METHOD_MATCH = YES;
				COPY_PHASE_STRIP = NO;
				DEBUG_INFORMATION_FORMAT = "dwarf-with-dsym";
				ENABLE_NS_ASSERTIONS = NO;
				ENABLE_STRICT_OBJC_MSGSEND = YES;
				GCC_C_LANGUAGE_STANDARD = gnu11;
				GCC_NO_COMMON_BLOCKS = YES;
				GCC_WARN_64_TO_32_BIT_CONVERSION = YES;
				GCC_WARN_ABOUT_RETURN_TYPE = YES_ERROR;
				GCC_WARN_UNDECLARED_SELECTOR = YES;
				GCC_WARN_UNINITIALIZED_AUTOS = YES_AGGRESSIVE;
				GCC_WARN_UNUSED_FUNCTION = YES;
				GCC_WARN_UNUSED_VARIABLE = YES;
				IPHONEOS_DEPLOYMENT_TARGET = 14.2;
				MTL_ENABLE_DEBUG_INFO = NO;
				MTL_FAST_MATH = YES;
				SDKROOT = iphoneos;
				SWIFT_COMPILATION_MODE = wholemodule;
				SWIFT_OPTIMIZATION_LEVEL = "-O";
				VALIDATE_PRODUCT = YES;
			};
			name = Release;
		};
		7B1938062584DA4D00363810 /* Debug */ = {
			isa = XCBuildConfiguration;
			buildSettings = {
				ASSETCATALOG_COMPILER_APPICON_NAME = AppIcon;
				ASSETCATALOG_COMPILER_GLOBAL_ACCENT_COLOR_NAME = AccentColor;
				CODE_SIGN_STYLE = Automatic;
				DEVELOPMENT_ASSET_PATHS = "\"RollDiceApp/Preview Content\"";
				ENABLE_PREVIEWS = YES;
				INFOPLIST_FILE = RollDiceApp/Info.plist;
				IPHONEOS_DEPLOYMENT_TARGET = 14.0;
				LD_RUNPATH_SEARCH_PATHS = (
					"$(inherited)",
					"@executable_path/Frameworks",
				);
				PRODUCT_BUNDLE_IDENTIFIER = "com.tezz-io.RollDiceApp";
				PRODUCT_NAME = "$(TARGET_NAME)";
				SWIFT_VERSION = 5.0;
				TARGETED_DEVICE_FAMILY = "1,2";
			};
			name = Debug;
		};
		7B1938072584DA4D00363810 /* Release */ = {
			isa = XCBuildConfiguration;
			buildSettings = {
				ASSETCATALOG_COMPILER_APPICON_NAME = AppIcon;
				ASSETCATALOG_COMPILER_GLOBAL_ACCENT_COLOR_NAME = AccentColor;
				CODE_SIGN_STYLE = Automatic;
				DEVELOPMENT_ASSET_PATHS = "\"RollDiceApp/Preview Content\"";
				ENABLE_PREVIEWS = YES;
				INFOPLIST_FILE = RollDiceApp/Info.plist;
				IPHONEOS_DEPLOYMENT_TARGET = 14.0;
				LD_RUNPATH_SEARCH_PATHS = (
					"$(inherited)",
					"@executable_path/Frameworks",
				);
				PRODUCT_BUNDLE_IDENTIFIER = "com.tezz-io.RollDiceApp";
				PRODUCT_NAME = "$(TARGET_NAME)";
				SWIFT_VERSION = 5.0;
				TARGETED_DEVICE_FAMILY = "1,2";
			};
			name = Release;
		};
/* End XCBuildConfiguration section */

/* Begin XCConfigurationList section */
		7B1937F12584DA4C00363810 /* Build configuration list for PBXProject "RollDiceApp" */ = {
			isa = XCConfigurationList;
			buildConfigurations = (
				7B1938032584DA4D00363810 /* Debug */,
				7B1938042584DA4D00363810 /* Release */,
			);
			defaultConfigurationIsVisible = 0;
			defaultConfigurationName = Release;
		};
		7B1938052584DA4D00363810 /* Build configuration list for PBXNativeTarget "RollDiceApp" */ = {
			isa = XCConfigurationList;
			buildConfigurations = (
				7B1938062584DA4D00363810 /* Debug */,
				7B1938072584DA4D00363810 /* Release */,
			);
			defaultConfigurationIsVisible = 0;
			defaultConfigurationName = Release;
		};
/* End XCConfigurationList section */
	};
	rootObject = 7B1937EE2584DA4C00363810 /* Project object */;
}
